
Microsoft Visual Studio Solution File, Format Version 12.00
# Visual Studio Version 16
VisualStudioVersion = 16.0.30011.22
MinimumVisualStudioVersion = 10.0.40219.1
Project("{FAE04EC0-301F-11D3-BF4B-00C04F79EFBC}") = "PortfolioWebApp", "scr\PortfolioWebApp.csproj", "{46DF2BFD-7FDF-45DF-A361-4B7C04F34210}"
EndProject
Global
	GlobalSection(SolutionConfigurationPlatforms) = preSolution
		Debug|Any CPU = Debug|Any CPU
		Release|Any CPU = Release|Any CPU
	EndGlobalSection
	GlobalSection(ProjectConfigurationPlatforms) = postSolution
		{46DF2BFD-7FDF-45DF-A361-4B7C04F34210}.Debug|Any CPU.ActiveCfg = Debug|Any CPU
		{46DF2BFD-7FDF-45DF-A361-4B7C04F34210}.Debug|Any CPU.Build.0 = Debug|Any CPU
		{46DF2BFD-7FDF-45DF-A361-4B7C04F34210}.Release|Any CPU.ActiveCfg = Release|Any CPU
		{46DF2BFD-7FDF-45DF-A361-4B7C04F34210}.Release|Any CPU.Build.0 = Release|Any CPU
	EndGlobalSection
	GlobalSection(SolutionProperties) = preSolution
		HideSolutionNode = FALSE
	EndGlobalSection
	GlobalSection(ExtensibilityGlobals) = postSolution
		SolutionGuid = {296221BF-140B-47CC-87BD-4FFF22AB7E0A}
	EndGlobalSection
EndGlobal
